# This file is autogenerated, do not edit; changes may be undone by the next 'dep ensure'.


[[projects]]
  branch = "master"
  name = "golang.org/x/net"
  packages = ["netutil"]
  revision = "f4e77d36d62c17c2336347bb2670ddbd02d092b7"

[solve-meta]
  analyzer-name = "dep"
  analyzer-version = 1
  inputs-digest = "807e804f99f0937468c880e72bcea94dead2287d972d977d28e33ec87373734e"
  solver-name = "gps-cdcl"
  solver-version = 1
